Microsoft Visual Studio Solution File, Format Version 12.00
# Visual Studio Version 17
VisualStudioVersion = 17.5.2.0
MinimumVisualStudioVersion = 10.0.40219.1
Project("{FAE04EC0-301F-11D3-BF4B-00C04F79EFBC}") = "QuanLyBenhVienNoiTru", "QuanLyBenhVienNoiTru\QuanLyBenhVienNoiTru.csproj", "{2AF73E34-F0C8-32F1-7234-96EEF5556621}"
EndProject
Global
	GlobalSection(SolutionConfigurationPlatforms) = preSolution
		Debug|Any CPU = Debug|Any CPU
		Release|Any CPU = Release|Any CPU
	EndGlobalSection
	GlobalSection(ProjectConfigurationPlatforms) = postSolution
		{2AF73E34-F0C8-32F1-7234-96EEF5556621}.Debug|Any CPU.ActiveCfg = Debug|Any CPU
		{2AF73E34-F0C8-32F1-7234-96EEF5556621}.Debug|Any CPU.Build.0 = Debug|Any CPU
		{2AF73E34-F0C8-32F1-7234-96EEF5556621}.Release|Any CPU.ActiveCfg = Release|Any CPU
		{2AF73E34-F0C8-32F1-7234-96EEF5556621}.Release|Any CPU.Build.0 = Release|Any CPU
	EndGlobalSection
	GlobalSection(SolutionProperties) = preSolution
		HideSolutionNode = FALSE
	EndGlobalSection
	GlobalSection(ExtensibilityGlobals) = postSolution
		SolutionGuid = {1412621E-C1A2-4ED2-A2D2-2CA9D18AF8EC}
	EndGlobalSection
EndGlobal
